
Microsoft Visual Studio Solution File, Format Version 12.00
# Visual Studio Version 17
VisualStudioVersion = 17.11.35222.181
MinimumVisualStudioVersion = 10.0.40219.1
Project("{FAE04EC0-301F-11D3-BF4B-00C04F79EFBC}") = "SmartPulseTask", "SmartPulseTask\SmartPulseTask.csproj", "{196B393D-0DC3-4268-A899-82E6D6B04EBC}"
EndProject
Global
	GlobalSection(SolutionConfigurationPlatforms) = preSolution
		Debug|Any CPU = Debug|Any CPU
		Release|Any CPU = Release|Any CPU
	EndGlobalSection
	GlobalSection(ProjectConfigurationPlatforms) = postSolution
		{196B393D-0DC3-4268-A899-82E6D6B04EBC}.Debug|Any CPU.ActiveCfg = Debug|Any CPU
		{196B393D-0DC3-4268-A899-82E6D6B04EBC}.Debug|Any CPU.Build.0 = Debug|Any CPU
		{196B393D-0DC3-4268-A899-82E6D6B04EBC}.Release|Any CPU.ActiveCfg = Release|Any CPU
		{196B393D-0DC3-4268-A899-82E6D6B04EBC}.Release|Any CPU.Build.0 = Release|Any CPU
	EndGlobalSection
	GlobalSection(SolutionProperties) = preSolution
		HideSolutionNode = FALSE
	EndGlobalSection
	GlobalSection(ExtensibilityGlobals) = postSolution
		SolutionGuid = {AF0A6B7A-03AB-4501-AAD8-87CB0DC8C536}
	EndGlobalSection
EndGlobal
